
Microsoft Visual Studio Solution File, Format Version 12.00
# Visual Studio Version 17
VisualStudioVersion = 17.8.34330.188
MinimumVisualStudioVersion = 10.0.40219.1
Project("{FAE04EC0-301F-11D3-BF4B-00C04F79EFBC}") = "EjEfCore2", "EjEfCore2\EjEfCore2.csproj", "{DDC77436-881A-4F1E-9EFC-75DA0219F4D0}"
EndProject
Global
	GlobalSection(SolutionConfigurationPlatforms) = preSolution
		Debug|Any CPU = Debug|Any CPU
		Release|Any CPU = Release|Any CPU
	EndGlobalSection
	GlobalSection(ProjectConfigurationPlatforms) = postSolution
		{DDC77436-881A-4F1E-9EFC-75DA0219F4D0}.Debug|Any CPU.ActiveCfg = Debug|Any CPU
		{DDC77436-881A-4F1E-9EFC-75DA0219F4D0}.Debug|Any CPU.Build.0 = Debug|Any CPU
		{DDC77436-881A-4F1E-9EFC-75DA0219F4D0}.Release|Any CPU.ActiveCfg = Release|Any CPU
		{DDC77436-881A-4F1E-9EFC-75DA0219F4D0}.Release|Any CPU.Build.0 = Release|Any CPU
	EndGlobalSection
	GlobalSection(SolutionProperties) = preSolution
		HideSolutionNode = FALSE
	EndGlobalSection
	GlobalSection(ExtensibilityGlobals) = postSolution
		SolutionGuid = {282D2E3B-B67E-4566-9DDD-7FDC9571D887}
	EndGlobalSection
EndGlobal
