
Microsoft Visual Studio Solution File, Format Version 12.00
# Visual Studio Version 17
VisualStudioVersion = 17.8.34330.188
MinimumVisualStudioVersion = 10.0.40219.1
Project("{FAE04EC0-301F-11D3-BF4B-00C04F79EFBC}") = "Utils", "Utils\Utils.csproj", "{90F98E89-6701-443E-BDC0-E06830615ACB}"
EndProject
Project("{FAE04EC0-301F-11D3-BF4B-00C04F79EFBC}") = "Utils.Tests.Unit", "Utils.Tests.Unit\Utils.Tests.Unit.csproj", "{42B8D556-76EC-403A-BF91-EEC10B06C690}"
EndProject
Global
	GlobalSection(SolutionConfigurationPlatforms) = preSolution
		Debug|Any CPU = Debug|Any CPU
		Release|Any CPU = Release|Any CPU
	EndGlobalSection
	GlobalSection(ProjectConfigurationPlatforms) = postSolution
		{90F98E89-6701-443E-BDC0-E06830615ACB}.Debug|Any CPU.ActiveCfg = Debug|Any CPU
		{90F98E89-6701-443E-BDC0-E06830615ACB}.Debug|Any CPU.Build.0 = Debug|Any CPU
		{90F98E89-6701-443E-BDC0-E06830615ACB}.Release|Any CPU.ActiveCfg = Release|Any CPU
		{90F98E89-6701-443E-BDC0-E06830615ACB}.Release|Any CPU.Build.0 = Release|Any CPU
		{42B8D556-76EC-403A-BF91-EEC10B06C690}.Debug|Any CPU.ActiveCfg = Debug|Any CPU
		{42B8D556-76EC-403A-BF91-EEC10B06C690}.Debug|Any CPU.Build.0 = Debug|Any CPU
		{42B8D556-76EC-403A-BF91-EEC10B06C690}.Release|Any CPU.ActiveCfg = Release|Any CPU
		{42B8D556-76EC-403A-BF91-EEC10B06C690}.Release|Any CPU.Build.0 = Release|Any CPU
	EndGlobalSection
	GlobalSection(SolutionProperties) = preSolution
		HideSolutionNode = FALSE
	EndGlobalSection
	GlobalSection(ExtensibilityGlobals) = postSolution
		SolutionGuid = {0AE519C4-4B55-4B6D-8C25-7ADB4BE088BE}
	EndGlobalSection
EndGlobal
