
Microsoft Visual Studio Solution File, Format Version 12.00
# Visual Studio Version 17
VisualStudioVersion = 17.8.34330.188
MinimumVisualStudioVersion = 10.0.40219.1
Project("{FAE04EC0-301F-11D3-BF4B-00C04F79EFBC}") = "EjWebAPI", "EjWebAPI\EjWebAPI.csproj", "{830D0C74-92ED-4D21-AD7D-F2A4FF55251A}"
EndProject
Global
	GlobalSection(SolutionConfigurationPlatforms) = preSolution
		Debug|Any CPU = Debug|Any CPU
		Release|Any CPU = Release|Any CPU
	EndGlobalSection
	GlobalSection(ProjectConfigurationPlatforms) = postSolution
		{830D0C74-92ED-4D21-AD7D-F2A4FF55251A}.Debug|Any CPU.ActiveCfg = Debug|Any CPU
		{830D0C74-92ED-4D21-AD7D-F2A4FF55251A}.Debug|Any CPU.Build.0 = Debug|Any CPU
		{830D0C74-92ED-4D21-AD7D-F2A4FF55251A}.Release|Any CPU.ActiveCfg = Release|Any CPU
		{830D0C74-92ED-4D21-AD7D-F2A4FF55251A}.Release|Any CPU.Build.0 = Release|Any CPU
	EndGlobalSection
	GlobalSection(SolutionProperties) = preSolution
		HideSolutionNode = FALSE
	EndGlobalSection
	GlobalSection(ExtensibilityGlobals) = postSolution
		SolutionGuid = {78434DCA-97CF-440F-8504-DAD583AF2AED}
	EndGlobalSection
EndGlobal
